// !$*UTF8*$!
{
	archiveVersion = 1;
	classes = {
	};
	objectVersion = 46;
	objects = {

/* Begin PBXBuildFile section */
		C511404B1ADDC6AD00D76B7E /* AppDelegate.swift in Sources */ = {isa = PBXBuildFile; fileRef = C511404A1ADDC6AD00D76B7E /* AppDelegate.swift */; };
		C51140521ADDC6AD00D76B7E /* Images.xcassets in Resources */ = {isa = PBXBuildFile; fileRef = C51140511ADDC6AD00D76B7E /* Images.xcassets */; };
		C51140551ADDC6AD00D76B7E /* LaunchScreen.xib in Resources */ = {isa = PBXBuildFile; fileRef = C51140531ADDC6AD00D76B7E /* LaunchScreen.xib */; };
		C51140611ADDC6AD00D76B7E /* Tillson_GallowayTests.swift in Sources */ = {isa = PBXBuildFile; fileRef = C51140601ADDC6AD00D76B7E /* Tillson_GallowayTests.swift */; };
		C54E5E111AECBFF7001C64E2 /* backbutton.gif in Resources */ = {isa = PBXBuildFile; fileRef = C54E5E0A1AECBFF7001C64E2 /* backbutton.gif */; };
		C54E5E121AECBFF7001C64E2 /* backbutton-selected.gif in Resources */ = {isa = PBXBuildFile; fileRef = C54E5E0B1AECBFF7001C64E2 /* backbutton-selected.gif */; };
		C54E5E131AECBFF7001C64E2 /* bio.txt in Resources */ = {isa = PBXBuildFile; fileRef = C54E5E0C1AECBFF7001C64E2 /* bio.txt */; };
		C54E5E141AECBFF7001C64E2 /* game.txt in Resources */ = {isa = PBXBuildFile; fileRef = C54E5E0D1AECBFF7001C64E2 /* game.txt */; };
		C54E5E161AECBFF7001C64E2 /* skills.txt in Resources */ = {isa = PBXBuildFile; fileRef = C54E5E0F1AECBFF7001C64E2 /* skills.txt */; };
		C54E5E171AECBFF7001C64E2 /* timeline.json in Resources */ = {isa = PBXBuildFile; fileRef = C54E5E101AECBFF7001C64E2 /* timeline.json */; };
		C54E5E1B1AECC075001C64E2 /* CardObject.swift in Sources */ = {isa = PBXBuildFile; fileRef = C54E5E1A1AECC075001C64E2 /* CardObject.swift */; };
		C54E5E411AECC167001C64E2 /* FBShimmeringLayer.m in Sources */ = {isa = PBXBuildFile; fileRef = C54E5E3E1AECC167001C64E2 /* FBShimmeringLayer.m */; };
		C54E5E421AECC167001C64E2 /* FBShimmeringView.m in Sources */ = {isa = PBXBuildFile; fileRef = C54E5E401AECC167001C64E2 /* FBShimmeringView.m */; };
		C54E5E451AECC183001C64E2 /* PassbookLayout.m in Sources */ = {isa = PBXBuildFile; fileRef = C54E5E441AECC183001C64E2 /* PassbookLayout.m */; };
		C54E5E471AECC190001C64E2 /* PastWorkDelegate.swift in Sources */ = {isa = PBXBuildFile; fileRef = C54E5E461AECC190001C64E2 /* PastWorkDelegate.swift */; };
		C54E5E491AECC198001C64E2 /* CabinetDelegate.swift in Sources */ = {isa = PBXBuildFile; fileRef = C54E5E481AECC198001C64E2 /* CabinetDelegate.swift */; };
		C54E5E4F1AECC1A4001C64E2 /* CabinetViewController.swift in Sources */ = {isa = PBXBuildFile; fileRef = C54E5E4A1AECC1A4001C64E2 /* CabinetViewController.swift */; };
		C54E5E501AECC1A4001C64E2 /* GameViewController.swift in Sources */ = {isa = PBXBuildFile; fileRef = C54E5E4B1AECC1A4001C64E2 /* GameViewController.swift */; };
		C54E5E511AECC1A4001C64E2 /* PastWorkViewController.swift in Sources */ = {isa = PBXBuildFile; fileRef = C54E5E4C1AECC1A4001C64E2 /* PastWorkViewController.swift */; };
		C54E5E521AECC1A4001C64E2 /* TimedTestViewController.swift in Sources */ = {isa = PBXBuildFile; fileRef = C54E5E4D1AECC1A4001C64E2 /* TimedTestViewController.swift */; };
		C54E5E531AECC1A4001C64E2 /* ViewController.swift in Sources */ = {isa = PBXBuildFile; fileRef = C54E5E4E1AECC1A4001C64E2 /* ViewController.swift */; };
		C54E5E591AECC1B0001C64E2 /* Main.storyboard in Resources */ = {isa = PBXBuildFile; fileRef = C54E5E541AECC1B0001C64E2 /* Main.storyboard */; };
		C54E5E5A1AECC1B0001C64E2 /* PassCard.swift in Sources */ = {isa = PBXBuildFile; fileRef = C54E5E551AECC1B0001C64E2 /* PassCard.swift */; };
		C54E5E5B1AECC1B0001C64E2 /* PassCard.xib in Resources */ = {isa = PBXBuildFile; fileRef = C54E5E561AECC1B0001C64E2 /* PassCard.xib */; };
		C54E5E5C1AECC1B0001C64E2 /* PastWorkScroll.swift in Sources */ = {isa = PBXBuildFile; fileRef = C54E5E571AECC1B0001C64E2 /* PastWorkScroll.swift */; };
		C54E5E5D1AECC1B0001C64E2 /* PastWorkScroll.xib in Resources */ = {isa = PBXBuildFile; fileRef = C54E5E581AECC1B0001C64E2 /* PastWorkScroll.xib */; };
		C54E5E5F1AECC2B5001C64E2 /* PocketTransitionManager.swift in Sources */ = {isa = PBXBuildFile; fileRef = C54E5E5E1AECC2B5001C64E2 /* PocketTransitionManager.swift */; };
		C54E5E611AECC2BA001C64E2 /* OpeningTransitionManager.swift in Sources */ = {isa = PBXBuildFile; fileRef = C54E5E601AECC2BA001C64E2 /* OpeningTransitionManager.swift */; };
		C54E5E631AECC2D5001C64E2 /* Utilities.swift in Sources */ = {isa = PBXBuildFile; fileRef = C54E5E621AECC2D5001C64E2 /* Utilities.swift */; };
/* End PBXBuildFile section */

/* Begin PBXContainerItemProxy section */
		C511405B1ADDC6AD00D76B7E /* PBXContainerItemProxy */ = {
			isa = PBXContainerItemProxy;
			containerPortal = C511403D1ADDC6AC00D76B7E /* Project object */;
			proxyType = 1;
			remoteGlobalIDString = C51140441ADDC6AC00D76B7E;
			remoteInfo = "Tillson Galloway";
		};
/* End PBXContainerItemProxy section */

/* Begin PBXFileReference section */
		C51140451ADDC6AD00D76B7E /* Tillson Galloway.app */ = {isa = PBXFileReference; explicitFileType = wrapper.application; includeInIndex = 0; path = "Tillson Galloway.app"; sourceTree = BUILT_PRODUCTS_DIR; };
		C51140491ADDC6AD00D76B7E /* Info.plist */ = {isa = PBXFileReference; lastKnownFileType = text.plist.xml; path = Info.plist; sourceTree = "<group>"; };
		C511404A1ADDC6AD00D76B7E /* AppDelegate.swift */ = {isa = PBXFileReference; lastKnownFileType = sourcecode.swift; path = AppDelegate.swift; sourceTree = "<group>"; };
		C51140511ADDC6AD00D76B7E /* Images.xcassets */ = {isa = PBXFileReference; lastKnownFileType = folder.assetcatalog; path = Images.xcassets; sourceTree = "<group>"; };
		C51140541ADDC6AD00D76B7E /* Base */ = {isa = PBXFileReference; lastKnownFileType = file.xib; name = Base; path = Base.lproj/LaunchScreen.xib; sourceTree = "<group>"; };
		C511405A1ADDC6AD00D76B7E /* Tillson GallowayTests.xctest */ = {isa = PBXFileReference; explicitFileType = wrapper.cfbundle; includeInIndex = 0; path = "Tillson GallowayTests.xctest"; sourceTree = BUILT_PRODUCTS_DIR; };
		C511405F1ADDC6AD00D76B7E /* Info.plist */ = {isa = PBXFileReference; lastKnownFileType = text.plist.xml; path = Info.plist; sourceTree = "<group>"; };
		C51140601ADDC6AD00D76B7E /* Tillson_GallowayTests.swift */ = {isa = PBXFileReference; lastKnownFileType = sourcecode.swift; path = Tillson_GallowayTests.swift; sourceTree = "<group>"; };
		C511407C1ADDFFB200D76B7E /* Tillson Galloway-Bridging-Header.h */ = {isa = PBXFileReference; lastKnownFileType = sourcecode.c.h; path = "Tillson Galloway-Bridging-Header.h"; sourceTree = "<group>"; };
		C54E5E0A1AECBFF7001C64E2 /* backbutton.gif */ = {isa = PBXFileReference; lastKnownFileType = image.gif; name = backbutton.gif; path = Assets/backbutton.gif; sourceTree = "<group>"; };
		C54E5E0B1AECBFF7001C64E2 /* backbutton-selected.gif */ = {isa = PBXFileReference; lastKnownFileType = image.gif; name = "backbutton-selected.gif"; path = "Assets/backbutton-selected.gif"; sourceTree = "<group>"; };
		C54E5E0C1AECBFF7001C64E2 /* bio.txt */ = {isa = PBXFileReference; fileEncoding = 4; lastKnownFileType = text; name = bio.txt; path = Assets/bio.txt; sourceTree = "<group>"; };
		C54E5E0D1AECBFF7001C64E2 /* game.txt */ = {isa = PBXFileReference; fileEncoding = 4; lastKnownFileType = text; name = game.txt; path = Assets/game.txt; sourceTree = "<group>"; };
		C54E5E0F1AECBFF7001C64E2 /* skills.txt */ = {isa = PBXFileReference; fileEncoding = 4; lastKnownFileType = text; name = skills.txt; path = Assets/skills.txt; sourceTree = "<group>"; };
		C54E5E101AECBFF7001C64E2 /* timeline.json */ = {isa = PBXFileReference; fileEncoding = 4; lastKnownFileType = text.json; name = timeline.json; path = Assets/timeline.json; sourceTree = "<group>"; };
		C54E5E1A1AECC075001C64E2 /* CardObject.swift */ = {isa = PBXFileReference; fileEncoding = 4; lastKnownFileType = sourcecode.swift; name = CardObject.swift; path = Model/CardObject.swift; sourceTree = "<group>"; };
		C54E5E3C1AECC167001C64E2 /* FBShimmering.h */ = {isa = PBXFileReference; fileEncoding = 4; lastKnownFileType = sourcecode.c.h; name = FBShimmering.h; path = Utilities/Shimmer/FBShimmering.h; sourceTree = "<group>"; };
		C54E5E3D1AECC167001C64E2 /* FBShimmeringLayer.h */ = {isa = PBXFileReference; fileEncoding = 4; lastKnownFileType = sourcecode.c.h; name = FBShimmeringLayer.h; path = Utilities/Shimmer/FBShimmeringLayer.h; sourceTree = "<group>"; };
		C54E5E3E1AECC167001C64E2 /* FBShimmeringLayer.m */ = {isa = PBXFileReference; fileEncoding = 4; lastKnownFileType = sourcecode.c.objc; name = FBShimmeringLayer.m; path = Utilities/Shimmer/FBShimmeringLayer.m; sourceTree = "<group>"; };
		C54E5E3F1AECC167001C64E2 /* FBShimmeringView.h */ = {isa = PBXFileReference; fileEncoding = 4; lastKnownFileType = sourcecode.c.h; name = FBShimmeringView.h; path = Utilities/Shimmer/FBShimmeringView.h; sourceTree = "<group>"; };
		C54E5E401AECC167001C64E2 /* FBShimmeringView.m */ = {isa = PBXFileReference; fileEncoding = 4; lastKnownFileType = sourcecode.c.objc; name = FBShimmeringView.m; path = Utilities/Shimmer/FBShimmeringView.m; sourceTree = "<group>"; };
		C54E5E431AECC183001C64E2 /* PassbookLayout.h */ = {isa = PBXFileReference; fileEncoding = 4; lastKnownFileType = sourcecode.c.h; name = PassbookLayout.h; path = Utilities/Passbook/PassbookLayout.h; sourceTree = "<group>"; };
		C54E5E441AECC183001C64E2 /* PassbookLayout.m */ = {isa = PBXFileReference; fileEncoding = 4; lastKnownFileType = sourcecode.c.objc; name = PassbookLayout.m; path = Utilities/Passbook/PassbookLayout.m; sourceTree = "<group>"; };
		C54E5E461AECC190001C64E2 /* PastWorkDelegate.swift */ = {isa = PBXFileReference; fileEncoding = 4; lastKnownFileType = sourcecode.swift; name = PastWorkDelegate.swift; path = Utilities/PastWorkDelegate.swift; sourceTree = "<group>"; };
		C54E5E481AECC198001C64E2 /* CabinetDelegate.swift */ = {isa = PBXFileReference; fileEncoding = 4; lastKnownFileType = sourcecode.swift; name = CabinetDelegate.swift; path = Utilities/CabinetDelegate.swift; sourceTree = "<group>"; };
		C54E5E4A1AECC1A4001C64E2 /* CabinetViewController.swift */ = {isa = PBXFileReference; fileEncoding = 4; lastKnownFileType = sourcecode.swift; name = CabinetViewController.swift; path = Controller/CabinetViewController.swift; sourceTree = "<group>"; };
		C54E5E4B1AECC1A4001C64E2 /* GameViewController.swift */ = {isa = PBXFileReference; fileEncoding = 4; lastKnownFileType = sourcecode.swift; name = GameViewController.swift; path = Controller/GameViewController.swift; sourceTree = "<group>"; };
		C54E5E4C1AECC1A4001C64E2 /* PastWorkViewController.swift */ = {isa = PBXFileReference; fileEncoding = 4; lastKnownFileType = sourcecode.swift; name = PastWorkViewController.swift; path = Controller/PastWorkViewController.swift; sourceTree = "<group>"; };
		C54E5E4D1AECC1A4001C64E2 /* TimedTestViewController.swift */ = {isa = PBXFileReference; fileEncoding = 4; lastKnownFileType = sourcecode.swift; name = TimedTestViewController.swift; path = Controller/TimedTestViewController.swift; sourceTree = "<group>"; };
		C54E5E4E1AECC1A4001C64E2 /* ViewController.swift */ = {isa = PBXFileReference; fileEncoding = 4; lastKnownFileType = sourcecode.swift; name = ViewController.swift; path = Controller/ViewController.swift; sourceTree = "<group>"; };
		C54E5E541AECC1B0001C64E2 /* Main.storyboard */ = {isa = PBXFileReference; fileEncoding = 4; lastKnownFileType = file.storyboard; name = Main.storyboard; path = View/Main.storyboard; sourceTree = "<group>"; };
		C54E5E551AECC1B0001C64E2 /* PassCard.swift */ = {isa = PBXFileReference; fileEncoding = 4; lastKnownFileType = sourcecode.swift; name = PassCard.swift; path = View/PassCard.swift; sourceTree = "<group>"; };
		C54E5E561AECC1B0001C64E2 /* PassCard.xib */ = {isa = PBXFileReference; fileEncoding = 4; lastKnownFileType = file.xib; name = PassCard.xib; path = View/PassCard.xib; sourceTree = "<group>"; };
		C54E5E571AECC1B0001C64E2 /* PastWorkScroll.swift */ = {isa = PBXFileReference; fileEncoding = 4; lastKnownFileType = sourcecode.swift; name = PastWorkScroll.swift; path = View/PastWorkScroll.swift; sourceTree = "<group>"; };
		C54E5E581AECC1B0001C64E2 /* PastWorkScroll.xib */ = {isa = PBXFileReference; fileEncoding = 4; lastKnownFileType = file.xib; name = PastWorkScroll.xib; path = View/PastWorkScroll.xib; sourceTree = "<group>"; };
		C54E5E5E1AECC2B5001C64E2 /* PocketTransitionManager.swift */ = {isa = PBXFileReference; fileEncoding = 4; lastKnownFileType = sourcecode.swift; name = PocketTransitionManager.swift; path = Utilities/PocketTransitionManager.swift; sourceTree = "<group>"; };
		C54E5E601AECC2BA001C64E2 /* OpeningTransitionManager.swift */ = {isa = PBXFileReference; fileEncoding = 4; lastKnownFileType = sourcecode.swift; name = OpeningTransitionManager.swift; path = Utilities/OpeningTransitionManager.swift; sourceTree = "<group>"; };
		C54E5E621AECC2D5001C64E2 /* Utilities.swift */ = {isa = PBXFileReference; fileEncoding = 4; lastKnownFileType = sourcecode.swift; name = Utilities.swift; path = Utilities/Utilities.swift; sourceTree = "<group>"; };
/* End PBXFileReference section */

/* Begin PBXFrameworksBuildPhase section */
		C51140421ADDC6AC00D76B7E /* Frameworks */ = {
			isa = PBXFrameworksBuildPhase;
			buildActionMask = 2147483647;
			files = (
			);
			runOnlyForDeploymentPostprocessing = 0;
		};
		C51140571ADDC6AD00D76B7E /* Frameworks */ = {
			isa = PBXFrameworksBuildPhase;
			buildActionMask = 2147483647;
			files = (
			);
			runOnlyForDeploymentPostprocessing = 0;
		};
/* End PBXFrameworksBuildPhase section */

/* Begin PBXGroup section */
		C511403C1ADDC6AC00D76B7E = {
			isa = PBXGroup;
			children = (
				C51140471ADDC6AD00D76B7E /* Tillson Galloway */,
				C511405D1ADDC6AD00D76B7E /* Tillson GallowayTests */,
				C51140461ADDC6AD00D76B7E /* Products */,
			);
			sourceTree = "<group>";
		};
		C51140461ADDC6AD00D76B7E /* Products */ = {
			isa = PBXGroup;
			children = (
				C51140451ADDC6AD00D76B7E /* Tillson Galloway.app */,
				C511405A1ADDC6AD00D76B7E /* Tillson GallowayTests.xctest */,
			);
			name = Products;
			sourceTree = "<group>";
		};
		C51140471ADDC6AD00D76B7E /* Tillson Galloway */ = {
			isa = PBXGroup;
			children = (
				C51140821ADE156600D76B7E /* Assets */,
				C51140771ADDFB6500D76B7E /* Model */,
				C51140761ADDC80900D76B7E /* View */,
				C51140741ADDC7E300D76B7E /* Controller */,
				C51140751ADDC7F700D76B7E /* Utilities */,
				C511404A1ADDC6AD00D76B7E /* AppDelegate.swift */,
				C51140481ADDC6AD00D76B7E /* Supporting Files */,
			);
			path = "Tillson Galloway";
			sourceTree = "<group>";
		};
		C51140481ADDC6AD00D76B7E /* Supporting Files */ = {
			isa = PBXGroup;
			children = (
				C511407C1ADDFFB200D76B7E /* Tillson Galloway-Bridging-Header.h */,
				C51140491ADDC6AD00D76B7E /* Info.plist */,
			);
			name = "Supporting Files";
			sourceTree = "<group>";
		};
		C511405D1ADDC6AD00D76B7E /* Tillson GallowayTests */ = {
			isa = PBXGroup;
			children = (
				C51140601ADDC6AD00D76B7E /* Tillson_GallowayTests.swift */,
				C511405E1ADDC6AD00D76B7E /* Supporting Files */,
			);
			path = "Tillson GallowayTests";
			sourceTree = "<group>";
		};
		C511405E1ADDC6AD00D76B7E /* Supporting Files */ = {
			isa = PBXGroup;
			children = (
				C511405F1ADDC6AD00D76B7E /* Info.plist */,
			);
			name = "Supporting Files";
			sourceTree = "<group>";
		};
		C51140741ADDC7E300D76B7E /* Controller */ = {
			isa = PBXGroup;
			children = (
				C54E5E4A1AECC1A4001C64E2 /* CabinetViewController.swift */,
				C54E5E4B1AECC1A4001C64E2 /* GameViewController.swift */,
				C54E5E4C1AECC1A4001C64E2 /* PastWorkViewController.swift */,
				C54E5E4D1AECC1A4001C64E2 /* TimedTestViewController.swift */,
				C54E5E4E1AECC1A4001C64E2 /* ViewController.swift */,
			);
			name = Controller;
			sourceTree = "<group>";
		};
		C51140751ADDC7F700D76B7E /* Utilities */ = {
			isa = PBXGroup;
			children = (
				C54E5E481AECC198001C64E2 /* CabinetDelegate.swift */,
				C54E5E461AECC190001C64E2 /* PastWorkDelegate.swift */,
				C511407A1ADDFFA100D76B7E /* APIs */,
				C54E5E601AECC2BA001C64E2 /* OpeningTransitionManager.swift */,
				C54E5E5E1AECC2B5001C64E2 /* PocketTransitionManager.swift */,
				C54E5E621AECC2D5001C64E2 /* Utilities.swift */,
			);
			name = Utilities;
			sourceTree = "<group>";
		};
		C51140761ADDC80900D76B7E /* View */ = {
			isa = PBXGroup;
			children = (
				C54E5E541AECC1B0001C64E2 /* Main.storyboard */,
				C54E5E551AECC1B0001C64E2 /* PassCard.swift */,
				C54E5E561AECC1B0001C64E2 /* PassCard.xib */,
				C54E5E571AECC1B0001C64E2 /* PastWorkScroll.swift */,
				C54E5E581AECC1B0001C64E2 /* PastWorkScroll.xib */,
				C51140531ADDC6AD00D76B7E /* LaunchScreen.xib */,
			);
			name = View;
			sourceTree = "<group>";
		};
		C51140771ADDFB6500D76B7E /* Model */ = {
			isa = PBXGroup;
			children = (
				C54E5E1A1AECC075001C64E2 /* CardObject.swift */,
			);
			name = Model;
			sourceTree = "<group>";
		};
		C511407A1ADDFFA100D76B7E /* APIs */ = {
			isa = PBXGroup;
			children = (
				C58135CE1AEC885100065633 /* Shimmer */,
				C511407B1ADDFFA700D76B7E /* Passbook */,
			);
			name = APIs;
			sourceTree = "<group>";
		};
		C511407B1ADDFFA700D76B7E /* Passbook */ = {
			isa = PBXGroup;
			children = (
				C54E5E431AECC183001C64E2 /* PassbookLayout.h */,
				C54E5E441AECC183001C64E2 /* PassbookLayout.m */,
			);
			name = Passbook;
			sourceTree = "<group>";
		};
		C51140821ADE156600D76B7E /* Assets */ = {
			isa = PBXGroup;
			children = (
				C51140511ADDC6AD00D76B7E /* Images.xcassets */,
				C54E5E0A1AECBFF7001C64E2 /* backbutton.gif */,
				C54E5E0B1AECBFF7001C64E2 /* backbutton-selected.gif */,
				C54E5E0C1AECBFF7001C64E2 /* bio.txt */,
				C54E5E0D1AECBFF7001C64E2 /* game.txt */,
				C54E5E0F1AECBFF7001C64E2 /* skills.txt */,
				C54E5E101AECBFF7001C64E2 /* timeline.json */,
			);
			name = Assets;
			sourceTree = "<group>";
		};
		C58135CE1AEC885100065633 /* Shimmer */ = {
			isa = PBXGroup;
			children = (
				C54E5E3C1AECC167001C64E2 /* FBShimmering.h */,
				C54E5E3D1AECC167001C64E2 /* FBShimmeringLayer.h */,
				C54E5E3E1AECC167001C64E2 /* FBShimmeringLayer.m */,
				C54E5E3F1AECC167001C64E2 /* FBShimmeringView.h */,
				C54E5E401AECC167001C64E2 /* FBShimmeringView.m */,
			);
			name = Shimmer;
			sourceTree = "<group>";
		};
/* End PBXGroup section */

/* Begin PBXNativeTarget section */
		C51140441ADDC6AC00D76B7E /* Tillson Galloway */ = {
			isa = PBXNativeTarget;
			buildConfigurationList = C51140641ADDC6AD00D76B7E /* Build configuration list for PBXNativeTarget "Tillson Galloway" */;
			buildPhases = (
				C51140411ADDC6AC00D76B7E /* Sources */,
				C51140421ADDC6AC00D76B7E /* Frameworks */,
				C51140431ADDC6AC00D76B7E /* Resources */,
			);
			buildRules = (
			);
			dependencies = (
			);
			name = "Tillson Galloway";
			productName = "Tillson Galloway";
			productReference = C51140451ADDC6AD00D76B7E /* Tillson Galloway.app */;
			productType = "com.apple.product-type.application";
		};
		C51140591ADDC6AD00D76B7E /* Tillson GallowayTests */ = {
			isa = PBXNativeTarget;
			buildConfigurationList = C51140671ADDC6AD00D76B7E /* Build configuration list for PBXNativeTarget "Tillson GallowayTests" */;
			buildPhases = (
				C51140561ADDC6AD00D76B7E /* Sources */,
				C51140571ADDC6AD00D76B7E /* Frameworks */,
				C51140581ADDC6AD00D76B7E /* Resources */,
			);
			buildRules = (
			);
			dependencies = (
				C511405C1ADDC6AD00D76B7E /* PBXTargetDependency */,
			);
			name = "Tillson GallowayTests";
			productName = "Tillson GallowayTests";
			productReference = C511405A1ADDC6AD00D76B7E /* Tillson GallowayTests.xctest */;
			productType = "com.apple.product-type.bundle.unit-test";
		};
/* End PBXNativeTarget section */

/* Begin PBXProject section */
		C511403D1ADDC6AC00D76B7E /* Project object */ = {
			isa = PBXProject;
			attributes = {
				LastSwiftUpdateCheck = 0700;
				LastUpgradeCheck = 0700;
				ORGANIZATIONNAME = "Tillson Galloway";
				TargetAttributes = {
					C51140441ADDC6AC00D76B7E = {
						CreatedOnToolsVersion = 6.3;
						DevelopmentTeam = 8ALTMS5K2E;
					};
					C51140591ADDC6AD00D76B7E = {
						CreatedOnToolsVersion = 6.3;
						TestTargetID = C51140441ADDC6AC00D76B7E;
					};
				};
			};
			buildConfigurationList = C51140401ADDC6AC00D76B7E /* Build configuration list for PBXProject "Tillson Galloway" */;
			compatibilityVersion = "Xcode 3.2";
			developmentRegion = English;
			hasScannedForEncodings = 0;
			knownRegions = (
				en,
				Base,
			);
			mainGroup = C511403C1ADDC6AC00D76B7E;
			productRefGroup = C51140461ADDC6AD00D76B7E /* Products */;
			projectDirPath = "";
			projectRoot = "";
			targets = (
				C51140441ADDC6AC00D76B7E /* Tillson Galloway */,
				C51140591ADDC6AD00D76B7E /* Tillson GallowayTests */,
			);
		};
/* End PBXProject section */

/* Begin PBXResourcesBuildPhase section */
		C51140431ADDC6AC00D76B7E /* Resources */ = {
			isa = PBXResourcesBuildPhase;
			buildActionMask = 2147483647;
			files = (
				C54E5E171AECBFF7001C64E2 /* timeline.json in Resources */,
				C51140551ADDC6AD00D76B7E /* LaunchScreen.xib in Resources */,
				C54E5E5D1AECC1B0001C64E2 /* PastWorkScroll.xib in Resources */,
				C54E5E591AECC1B0001C64E2 /* Main.storyboard in Resources */,
				C54E5E121AECBFF7001C64E2 /* backbutton-selected.gif in Resources */,
				C51140521ADDC6AD00D76B7E /* Images.xcassets in Resources */,
				C54E5E161AECBFF7001C64E2 /* skills.txt in Resources */,
				C54E5E5B1AECC1B0001C64E2 /* PassCard.xib in Resources */,
				C54E5E111AECBFF7001C64E2 /* backbutton.gif in Resources */,
				C54E5E141AECBFF7001C64E2 /* game.txt in Resources */,
				C54E5E131AECBFF7001C64E2 /* bio.txt in Resources */,
			);
			runOnlyForDeploymentPostprocessing = 0;
		};
		C51140581ADDC6AD00D76B7E /* Resources */ = {
			isa = PBXResourcesBuildPhase;
			buildActionMask = 2147483647;
			files = (
			);
			runOnlyForDeploymentPostprocessing = 0;
		};
/* End PBXResourcesBuildPhase section */

/* Begin PBXSourcesBuildPhase section */
		C51140411ADDC6AC00D76B7E /* Sources */ = {
			isa = PBXSourcesBuildPhase;
			buildActionMask = 2147483647;
			files = (
				C54E5E491AECC198001C64E2 /* CabinetDelegate.swift in Sources */,
				C54E5E611AECC2BA001C64E2 /* OpeningTransitionManager.swift in Sources */,
				C54E5E5C1AECC1B0001C64E2 /* PastWorkScroll.swift in Sources */,
				C54E5E1B1AECC075001C64E2 /* CardObject.swift in Sources */,
				C54E5E521AECC1A4001C64E2 /* TimedTestViewController.swift in Sources */,
				C54E5E5F1AECC2B5001C64E2 /* PocketTransitionManager.swift in Sources */,
				C54E5E531AECC1A4001C64E2 /* ViewController.swift in Sources */,
				C54E5E511AECC1A4001C64E2 /* PastWorkViewController.swift in Sources */,
				C54E5E5A1AECC1B0001C64E2 /* PassCard.swift in Sources */,
				C54E5E501AECC1A4001C64E2 /* GameViewController.swift in Sources */,
				C54E5E631AECC2D5001C64E2 /* Utilities.swift in Sources */,
				C54E5E411AECC167001C64E2 /* FBShimmeringLayer.m in Sources */,
				C54E5E421AECC167001C64E2 /* FBShimmeringView.m in Sources */,
				C54E5E471AECC190001C64E2 /* PastWorkDelegate.swift in Sources */,
				C54E5E4F1AECC1A4001C64E2 /* CabinetViewController.swift in Sources */,
				C54E5E451AECC183001C64E2 /* PassbookLayout.m in Sources */,
				C511404B1ADDC6AD00D76B7E /* AppDelegate.swift in Sources */,
			);
			runOnlyForDeploymentPostprocessing = 0;
		};
		C51140561ADDC6AD00D76B7E /* Sources */ = {
			isa = PBXSourcesBuildPhase;
			buildActionMask = 2147483647;
			files = (
				C51140611ADDC6AD00D76B7E /* Tillson_GallowayTests.swift in Sources */,
			);
			runOnlyForDeploymentPostprocessing = 0;
		};
/* End PBXSourcesBuildPhase section */

/* Begin PBXTargetDependency section */
		C511405C1ADDC6AD00D76B7E /* PBXTargetDependency */ = {
			isa = PBXTargetDependency;
			target = C51140441ADDC6AC00D76B7E /* Tillson Galloway */;
			targetProxy = C511405B1ADDC6AD00D76B7E /* PBXContainerItemProxy */;
		};
/* End PBXTargetDependency section */

/* Begin PBXVariantGroup section */
		C51140531ADDC6AD00D76B7E /* LaunchScreen.xib */ = {
			isa = PBXVariantGroup;
			children = (
				C51140541ADDC6AD00D76B7E /* Base */,
			);
			name = LaunchScreen.xib;
			sourceTree = "<group>";
		};
/* End PBXVariantGroup section */

/* Begin XCBuildConfiguration section */
		C51140621ADDC6AD00D76B7E /* Debug */ = {
			isa = XCBuildConfiguration;
			buildSettings = {
				ALWAYS_SEARCH_USER_PATHS = NO;
				CLANG_CXX_LANGUAGE_STANDARD = "gnu++0x";
				CLANG_CXX_LIBRARY = "libc++";
				CLANG_ENABLE_MODULES = YES;
				CLANG_ENABLE_OBJC_ARC = YES;
				CLANG_WARN_BOOL_CONVERSION = YES;
				CLANG_WARN_CONSTANT_CONVERSION = YES;
				CLANG_WARN_DIRECT_OBJC_ISA_USAGE = YES_ERROR;
				CLANG_WARN_EMPTY_BODY = YES;
				CLANG_WARN_ENUM_CONVERSION = YES;
				CLANG_WARN_INT_CONVERSION = YES;
				CLANG_WARN_OBJC_ROOT_CLASS = YES_ERROR;
				CLANG_WARN_UNREACHABLE_CODE = YES;
				CLANG_WARN__DUPLICATE_METHOD_MATCH = YES;
				"CODE_SIGN_IDENTITY[sdk=iphoneos*]" = "iPhone Developer";
				COPY_PHASE_STRIP = NO;
				DEBUG_INFORMATION_FORMAT = "dwarf-with-dsym";
				ENABLE_STRICT_OBJC_MSGSEND = YES;
				ENABLE_TESTABILITY = YES;
				GCC_C_LANGUAGE_STANDARD = gnu99;
				GCC_DYNAMIC_NO_PIC = NO;
				GCC_NO_COMMON_BLOCKS = YES;
				GCC_OPTIMIZATION_LEVEL = 0;
				GCC_PREPROCESSOR_DEFINITIONS = (
					"DEBUG=1",
					"$(inherited)",
				);
				GCC_SYMBOLS_PRIVATE_EXTERN = NO;
				GCC_WARN_64_TO_32_BIT_CONVERSION = YES;
				GCC_WARN_ABOUT_RETURN_TYPE = YES_ERROR;
				GCC_WARN_UNDECLARED_SELECTOR = YES;
				GCC_WARN_UNINITIALIZED_AUTOS = YES_AGGRESSIVE;
				GCC_WARN_UNUSED_FUNCTION = YES;
				GCC_WARN_UNUSED_VARIABLE = YES;
				IPHONEOS_DEPLOYMENT_TARGET = 8.3;
				MTL_ENABLE_DEBUG_INFO = YES;
				ONLY_ACTIVE_ARCH = YES;
				SDKROOT = iphoneos;
				SWIFT_OPTIMIZATION_LEVEL = "-Onone";
			};
			name = Debug;
		};
		C51140631ADDC6AD00D76B7E /* Release */ = {
			isa = XCBuildConfiguration;
			buildSettings = {
				ALWAYS_SEARCH_USER_PATHS = NO;
				CLANG_CXX_LANGUAGE_STANDARD = "gnu++0x";
				CLANG_CXX_LIBRARY = "libc++";
				CLANG_ENABLE_MODULES = YES;
				CLANG_ENABLE_OBJC_ARC = YES;
				CLANG_WARN_BOOL_CONVERSION = YES;
				CLANG_WARN_CONSTANT_CONVERSION = YES;
				CLANG_WARN_DIRECT_OBJC_ISA_USAGE = YES_ERROR;
				CLANG_WARN_EMPTY_BODY = YES;
				CLANG_WARN_ENUM_CONVERSION = YES;
				CLANG_WARN_INT_CONVERSION = YES;
				CLANG_WARN_OBJC_ROOT_CLASS = YES_ERROR;
				CLANG_WARN_UNREACHABLE_CODE = YES;
				CLANG_WARN__DUPLICATE_METHOD_MATCH = YES;
				"CODE_SIGN_IDENTITY[sdk=iphoneos*]" = "iPhone Developer";
				COPY_PHASE_STRIP = NO;
				DEBUG_INFORMATION_FORMAT = "dwarf-with-dsym";
				ENABLE_NS_ASSERTIONS = NO;
				ENABLE_STRICT_OBJC_MSGSEND = YES;
				GCC_C_LANGUAGE_STANDARD = gnu99;
				GCC_NO_COMMON_BLOCKS = YES;
				GCC_WARN_64_TO_32_BIT_CONVERSION = YES;
				GCC_WARN_ABOUT_RETURN_TYPE = YES_ERROR;
				GCC_WARN_UNDECLARED_SELECTOR = YES;
				GCC_WARN_UNINITIALIZED_AUTOS = YES_AGGRESSIVE;
				GCC_WARN_UNUSED_FUNCTION = YES;
				GCC_WARN_UNUSED_VARIABLE = YES;
				IPHONEOS_DEPLOYMENT_TARGET = 8.3;
				MTL_ENABLE_DEBUG_INFO = NO;
				SDKROOT = iphoneos;
				VALIDATE_PRODUCT = YES;
			};
			name = Release;
		};
		C51140651ADDC6AD00D76B7E /* Debug */ = {
			isa = XCBuildConfiguration;
			buildSettings = {
				ASSETCATALOG_COMPILER_APPICON_NAME = AppIcon;
				CLANG_ENABLE_MODULES = YES;
				CODE_SIGN_IDENTITY = "iPhone Developer";
				FRAMEWORK_SEARCH_PATHS = (
					"$(inherited)",
					"$(PROJECT_DIR)/Tillson\\ Galloway",
				);
				INFOPLIST_FILE = "Tillson Galloway/Info.plist";
				IPHONEOS_DEPLOYMENT_TARGET = 8.3;
				LD_RUNPATH_SEARCH_PATHS = "$(inherited) @executable_path/Frameworks";
				LIBRARY_SEARCH_PATHS = "./**";
				PRODUCT_BUNDLE_IDENTIFIER = "com.tillsongalloway.$(PRODUCT_NAME:rfc1034identifier)";
				PRODUCT_NAME = "$(TARGET_NAME)";
				SWIFT_OBJC_BRIDGING_HEADER = "Tillson Galloway/Tillson Galloway-Bridging-Header.h";
				SWIFT_OPTIMIZATION_LEVEL = "-Onone";
			};
			name = Debug;
		};
		C51140661ADDC6AD00D76B7E /* Release */ = {
			isa = XCBuildConfiguration;
			buildSettings = {
				ASSETCATALOG_COMPILER_APPICON_NAME = AppIcon;
				CLANG_ENABLE_MODULES = YES;
				CODE_SIGN_IDENTITY = "iPhone Developer";
				FRAMEWORK_SEARCH_PATHS = (
					"$(inherited)",
					"$(PROJECT_DIR)/Tillson\\ Galloway",
				);
				INFOPLIST_FILE = "Tillson Galloway/Info.plist";
				IPHONEOS_DEPLOYMENT_TARGET = 8.3;
				LD_RUNPATH_SEARCH_PATHS = "$(inherited) @executable_path/Frameworks";
				LIBRARY_SEARCH_PATHS = "./**";
				PRODUCT_BUNDLE_IDENTIFIER = "com.tillsongalloway.$(PRODUCT_NAME:rfc1034identifier)";
				PRODUCT_NAME = "$(TARGET_NAME)";
				SWIFT_OBJC_BRIDGING_HEADER = "Tillson Galloway/Tillson Galloway-Bridging-Header.h";
			};
			name = Release;
		};
		C51140681ADDC6AD00D76B7E /* Debug */ = {
			isa = XCBuildConfiguration;
			buildSettings = {
				BUNDLE_LOADER = "$(TEST_HOST)";
				FRAMEWORK_SEARCH_PATHS = (
					"$(SDKROOT)/Developer/Library/Frameworks",
					"$(inherited)",
				);
				GCC_PREPROCESSOR_DEFINITIONS = (
					"DEBUG=1",
					"$(inherited)",
				);
				INFOPLIST_FILE = "Tillson GallowayTests/Info.plist";
				LD_RUNPATH_SEARCH_PATHS = "$(inherited) @executable_path/Frameworks @loader_path/Frameworks";
				PRODUCT_BUNDLE_IDENTIFIER = "com.tillsongalloway.$(PRODUCT_NAME:rfc1034identifier)";
				PRODUCT_NAME = "$(TARGET_NAME)";
				TEST_HOST = "$(BUILT_PRODUCTS_DIR)/Tillson Galloway.app/Tillson Galloway";
			};
			name = Debug;
		};
		C51140691ADDC6AD00D76B7E /* Release */ = {
			isa = XCBuildConfiguration;
			buildSettings = {
				BUNDLE_LOADER = "$(TEST_HOST)";
				FRAMEWORK_SEARCH_PATHS = (
					"$(SDKROOT)/Developer/Library/Frameworks",
					"$(inherited)",
				);
				INFOPLIST_FILE = "Tillson GallowayTests/Info.plist";
				LD_RUNPATH_SEARCH_PATHS = "$(inherited) @executable_path/Frameworks @loader_path/Frameworks";
				PRODUCT_BUNDLE_IDENTIFIER = "com.tillsongalloway.$(PRODUCT_NAME:rfc1034identifier)";
				PRODUCT_NAME = "$(TARGET_NAME)";
				TEST_HOST = "$(BUILT_PRODUCTS_DIR)/Tillson Galloway.app/Tillson Galloway";
			};
			name = Release;
		};
/* End XCBuildConfiguration section */

/* Begin XCConfigurationList section */
		C51140401ADDC6AC00D76B7E /* Build configuration list for PBXProject "Tillson Galloway" */ = {
			isa = XCConfigurationList;
			buildConfigurations = (
				C51140621ADDC6AD00D76B7E /* Debug */,
				C51140631ADDC6AD00D76B7E /* Release */,
			);
			defaultConfigurationIsVisible = 0;
			defaultConfigurationName = Release;
		};
		C51140641ADDC6AD00D76B7E /* Build configuration list for PBXNativeTarget "Tillson Galloway" */ = {
			isa = XCConfigurationList;
			buildConfigurations = (
				C51140651ADDC6AD00D76B7E /* Debug */,
				C51140661ADDC6AD00D76B7E /* Release */,
			);
			defaultConfigurationIsVisible = 0;
			defaultConfigurationName = Release;
		};
		C51140671ADDC6AD00D76B7E /* Build configuration list for PBXNativeTarget "Tillson GallowayTests" */ = {
			isa = XCConfigurationList;
			buildConfigurations = (
				C51140681ADDC6AD00D76B7E /* Debug */,
				C51140691ADDC6AD00D76B7E /* Release */,
			);
			defaultConfigurationIsVisible = 0;
			defaultConfigurationName = Release;
		};
/* End XCConfigurationList section */
	};
	rootObject = C511403D1ADDC6AC00D76B7E /* Project object */;
}
